# THIS IS AN AUTOGENERATED FILE. DO NOT EDIT THIS FILE DIRECTLY.
# yarn lockfile v1


"@rauschma/stringio@^1.4.0":
  version "1.4.0"
  resolved "https://registry.yarnpkg.com/@rauschma/stringio/-/stringio-1.4.0.tgz#0b667bea726652a10a48dfc1dadc89e0ec51e269"
  integrity sha512-3uor2f/MXZkmX5RJf8r+OC3WvZVzpSme0yyL0rQDPEnatE02qRcqwEwnsgpgriEck0S/n4vWtUd6tTtrJwk45Q==
  dependencies:
    "@types/node" "^10.0.3"

"@types/node@^10.0.3":
  version "10.17.60"
  resolved "https://registry.yarnpkg.com/@types/node/-/node-10.17.60.tgz#35f3d6213daed95da7f0f73e75bcc6980e90597b"
  integrity sha512-F0KIgDJfy2nA3zMLmWGKxcH2ZVEtCZXHHdOQs2gSaQ27+lNeEfGxzkIw90aXswATX7AZ33tahPbzy6KAfUreVw==

"@types/node@^16.4.13":
  version "16.11.14"
  resolved "https://registry.yarnpkg.com/@types/node/-/node-16.11.14.tgz#4939fb42e5b0ffb3ea7e193c28244fe7414977a6"
  integrity sha512-mK6BKLpL0bG6v2CxHbm0ed6RcZrAtTHBTd/ZpnlVPVa3HkumsqLE4BC4u6TQ8D7pnrRbOU0am6epuALs+Ncnzw==

"@types/node@^17.0.1":
  version "17.0.1"
  resolved "https://registry.yarnpkg.com/@types/node/-/node-17.0.1.tgz#88d501e84b6185f6489ecee4ba9e8fcec7f29bb2"
  integrity sha512-NXKvBVUzIbs6ylBwmOwHFkZS2EXCcjnqr8ZCRNaXBkHAf+3mn/rPcJxwrzuc6movh8fxQAsUUfYklJ/EG+hZqQ==

node-ts@^5.1.2:
  version "5.1.2"
  resolved "https://registry.yarnpkg.com/node-ts/-/node-ts-5.1.2.tgz#4e1fa51e87506e042c7ea2b1e465684a79532274"
  integrity sha512-ihRzS31ZbknFzXFkF4j9R3HJV1cRPTjyYzeRaEFyXv5DhWKGD+QNTJ+My5WiOc0kozEPjwRBsKh+g92hPyTNnQ==
  dependencies:
    "@rauschma/stringio" "^1.4.0"
    "@types/node" "^16.4.13"

typescript@^4.5.4:
  version "4.5.4"
  resolved "https://registry.yarnpkg.com/typescript/-/typescript-4.5.4.tgz#a17d3a0263bf5c8723b9c52f43c5084edf13c2e8"
  integrity sha512-VgYs2A2QIRuGphtzFV7aQJduJ2gyfTljngLzjpfW9FoYZF6xuw1W0vW9ghCKLfcWrCFxK81CSGRAvS1pn4fIUg==
